
Microsoft Visual Studio Solution File, Format Version 11.00
# Visual Studio 2010
Project("{FAE04EC0-301F-11D3-BF4B-00C04F79EFBC}") = "Assembly-CSharp", "Assembly-CSharp.csproj", "{E489787A-0B56-4065-B757-CD1ACFD49BF1}"
EndProject
Project("{FAE04EC0-301F-11D3-BF4B-00C04F79EFBC}") = "Assembly-CSharp-Editor", "Assembly-CSharp-Editor.csproj", "{9DA92C58-9876-481E-F027-BE09604DEB54}"
EndProject
Global
	GlobalSection(SolutionConfigurationPlatforms) = preSolution
		Debug|Any CPU = Debug|Any CPU
		Release|Any CPU = Release|Any CPU
	EndGlobalSection
	GlobalSection(ProjectConfigurationPlatforms) = postSolution
		{E489787A-0B56-4065-B757-CD1ACFD49BF1}.Debug|Any CPU.ActiveCfg = Debug|Any CPU
		{E489787A-0B56-4065-B757-CD1ACFD49BF1}.Debug|Any CPU.Build.0 = Debug|Any CPU
		{E489787A-0B56-4065-B757-CD1ACFD49BF1}.Release|Any CPU.ActiveCfg = Release|Any CPU
		{E489787A-0B56-4065-B757-CD1ACFD49BF1}.Release|Any CPU.Build.0 = Release|Any CPU
		{9DA92C58-9876-481E-F027-BE09604DEB54}.Debug|Any CPU.ActiveCfg = Debug|Any CPU
		{9DA92C58-9876-481E-F027-BE09604DEB54}.Debug|Any CPU.Build.0 = Debug|Any CPU
		{9DA92C58-9876-481E-F027-BE09604DEB54}.Release|Any CPU.ActiveCfg = Release|Any CPU
		{9DA92C58-9876-481E-F027-BE09604DEB54}.Release|Any CPU.Build.0 = Release|Any CPU
	EndGlobalSection
	GlobalSection(SolutionProperties) = preSolution
		HideSolutionNode = FALSE
	EndGlobalSection
	GlobalSection(MonoDevelopProperties) = preSolution
		StartupItem = Assembly-CSharp.csproj
	EndGlobalSection
EndGlobal
